{
  "requires": true,
  "lockfileVersion": 1,
  "dependencies": {
    "gsap": {
      "version": "2.1.3",
      "resolved": "https://registry.npmjs.org/gsap/-/gsap-2.1.3.tgz",
      "integrity": "sha512-8RFASCqi2FOCBuv7X4o7M6bLdy+1hbR0azg+MG7zz+EVsI+OmJblYsTk0GEepQd2Jg/ItMPiVTibF7r3EVxjZQ=="
    },
    "scrollmagic": {
      "version": "2.0.8",
      "resolved": "https://registry.npmjs.org/scrollmagic/-/scrollmagic-2.0.8.tgz",
      "integrity": "sha512-UYXEGBPVLziovXl3FjHGkY9c4UXKUKopIdXwWR2JapWxCo0U345wYegi7rcsv5vHf/ktc1bSNWy4QRFiV+Yccw=="
    },
    "vue": {
      "version": "2.6.12",
      "resolved": "https://registry.npmjs.org/vue/-/vue-2.6.12.tgz",
      "integrity": "sha512-uhmLFETqPPNyuLLbsKz6ioJ4q7AZHzD8ZVFNATNyICSZouqP2Sz0rotWQC8UNBF6VGSCs5abnKJoStA6JbCbfg=="
    },
    "vue-cli-plugin-axios": {
      "version": "0.0.4",
      "resolved": "https://registry.npmjs.org/vue-cli-plugin-axios/-/vue-cli-plugin-axios-0.0.4.tgz",
      "integrity": "sha512-p2b/fvPJuPBnvU8027PAAuU5DiOzUn2lku8XLG/f6c8FU0N+/MXWZAlOuHhqd9e7+KIZitwe/c8qlmv7TglbTg=="
    },
    "vue-scrollmagic": {
      "version": "1.2.0",
      "resolved": "https://registry.npmjs.org/vue-scrollmagic/-/vue-scrollmagic-1.2.0.tgz",
      "integrity": "sha512-4n+c35mHzEJeNdPShhXFVE9CY0e0318deAQtIF09Dglj4NKcYJXThTKic3gMMLCtyPwEj3derHlGg2Nsquzaaw==",
      "requires": {
        "gsap": "^2.1.3",
        "scrollmagic": "^2.0.7",
        "vue": "^2.6.10"
      }
    }
  }
}
